
Microsoft Visual Studio Solution File, Format Version 12.00
# Visual Studio Version 17
VisualStudioVersion = 17.14.36616.10 d17.14
MinimumVisualStudioVersion = 10.0.40219.1
Project("{FAE04EC0-301F-11D3-BF4B-00C04F79EFBC}") = "Console", "Console\Console.csproj", "{7F960A45-4EDF-4370-9CB1-EF75EF94CD19}"
EndProject
Global
	GlobalSection(SolutionConfigurationPlatforms) = preSolution
		Debug|Any CPU = Debug|Any CPU
		Release|Any CPU = Release|Any CPU
	EndGlobalSection
	GlobalSection(ProjectConfigurationPlatforms) = postSolution
		{7F960A45-4EDF-4370-9CB1-EF75EF94CD19}.Debug|Any CPU.ActiveCfg = Debug|Any CPU
		{7F960A45-4EDF-4370-9CB1-EF75EF94CD19}.Debug|Any CPU.Build.0 = Debug|Any CPU
		{7F960A45-4EDF-4370-9CB1-EF75EF94CD19}.Release|Any CPU.ActiveCfg = Release|Any CPU
		{7F960A45-4EDF-4370-9CB1-EF75EF94CD19}.Release|Any CPU.Build.0 = Release|Any CPU
	EndGlobalSection
	GlobalSection(SolutionProperties) = preSolution
		HideSolutionNode = FALSE
	EndGlobalSection
	GlobalSection(ExtensibilityGlobals) = postSolution
		SolutionGuid = {2A700CC0-ED1E-43EE-A0DE-6C4BCB0406CE}
	EndGlobalSection
EndGlobal
